
Microsoft Visual Studio Solution File, Format Version 12.00
# Visual Studio Version 17
VisualStudioVersion = 17.1.32421.90
MinimumVisualStudioVersion = 10.0.40219.1
Project("{2150E333-8FDC-42A3-9474-1A3956D46DE8}") = "src", "src", "{093029D2-21CA-4470-B16A-0291ABA2109F}"
EndProject
Project("{9A19103F-16F7-4668-BE54-9A1E7A4F7556}") = "Vista.SDK", "src\Vista.SDK\Vista.SDK.csproj", "{36063914-B923-446B-ACCB-C9DFD87E48BA}"
EndProject
Project("{9A19103F-16F7-4668-BE54-9A1E7A4F7556}") = "Vista.SDK.SourceGenerator", "src\Vista.SDK.SourceGenerator\Vista.SDK.SourceGenerator.csproj", "{80707032-DEC8-4C25-9F0D-744818E706EB}"
EndProject
Project("{9A19103F-16F7-4668-BE54-9A1E7A4F7556}") = "Vista.SDK.System.Text.Json", "src\Vista.SDK.System.Text.Json\Vista.SDK.System.Text.Json.csproj", "{64282827-0A92-4038-A53D-8F1458993E26}"
EndProject
Project("{2150E333-8FDC-42A3-9474-1A3956D46DE8}") = "test", "test", "{A70BCD8E-E1DB-49FF-855D-AD8ED1179080}"
EndProject
Project("{9A19103F-16F7-4668-BE54-9A1E7A4F7556}") = "Vista.SDK.Tests", "test\Vista.SDK.Tests\Vista.SDK.Tests.csproj", "{04C3E604-AEC3-47F0-8EF9-9E180022CD41}"
EndProject
Project("{2150E333-8FDC-42A3-9474-1A3956D46DE8}") = "_files", "_files", "{FCC919CE-0A49-40B6-8A8E-9AE11BBCD3FD}"
	ProjectSection(SolutionItems) = preProject
		.editorconfig = .editorconfig
		.gitignore = .gitignore
		Build.csproj = Build.csproj
		Directory.Build.props = Directory.Build.props
		.config\dotnet-tools.json = .config\dotnet-tools.json
		global.json = global.json
	EndProjectSection
EndProject
Project("{2150E333-8FDC-42A3-9474-1A3956D46DE8}") = "benchmark", "benchmark", "{95D04DE8-37F5-4D86-9D0B-D0819DAA0E7A}"
EndProject
Project("{9A19103F-16F7-4668-BE54-9A1E7A4F7556}") = "Vista.SDK.Benchmarks", "benchmark\Vista.SDK.Benchmarks\Vista.SDK.Benchmarks.csproj", "{CBACE153-372D-479A-9663-529846C16DB9}"
EndProject
Project("{9A19103F-16F7-4668-BE54-9A1E7A4F7556}") = "Vista.SDK.Mqtt", "src\Vista.SDK.Mqtt\Vista.SDK.Mqtt.csproj", "{BF1C3D9F-2A43-4F90-866C-623BD65176E2}"
EndProject
Project("{FAE04EC0-301F-11D3-BF4B-00C04F79EFBC}") = "Vista.SDK.SmokeTests", "test\Vista.SDK.SmokeTests\Vista.SDK.SmokeTests.csproj", "{29875D41-AF1D-4768-BA2F-A830EC10B7F1}"
EndProject
Project("{2150E333-8FDC-42A3-9474-1A3956D46DE8}") = "samples", "samples", "{5D20AA90-6969-D8BD-9DCD-8634F4692FDA}"
EndProject
Project("{FAE04EC0-301F-11D3-BF4B-00C04F79EFBC}") = "BasicUsage", "samples\BasicUsage\BasicUsage.csproj", "{AE0FCB18-373A-4BAE-B657-527CF9AB4171}"
EndProject
Project("{FAE04EC0-301F-11D3-BF4B-00C04F79EFBC}") = "CodebooksExample", "samples\CodebooksExample\CodebooksExample.csproj", "{F3527D53-DF51-499C-87C7-B6B9657B356A}"
EndProject
Project("{FAE04EC0-301F-11D3-BF4B-00C04F79EFBC}") = "GmodOperations", "samples\GmodOperations\GmodOperations.csproj", "{6C1C9CAB-875A-46B0-9737-E251D540D7C2}"
EndProject
Project("{FAE04EC0-301F-11D3-BF4B-00C04F79EFBC}") = "AdvancedLocalIds", "samples\AdvancedLocalIds\AdvancedLocalIds.csproj", "{D3792E4F-DD06-4E81-82A7-D8BE69BB470A}"
EndProject
Project("{FAE04EC0-301F-11D3-BF4B-00C04F79EFBC}") = "LocalIdQuery", "samples\LocalIdQuery\LocalIdQuery.csproj", "{246FB079-D86C-468A-B9D3-079E7D7AB944}"
EndProject
Project("{FAE04EC0-301F-11D3-BF4B-00C04F79EFBC}") = "GmodSubset", "samples\GmodSubset\GmodSubset.csproj", "{BFD2DFE9-8CB9-4378-B5D5-03A92D645B91}"
EndProject
Project("{FAE04EC0-301F-11D3-BF4B-00C04F79EFBC}") = "SensorDataFlow", "samples\SensorDataFlow\SensorDataFlow.csproj", "{B96F4695-C04F-4891-86E5-98E64702676B}"
EndProject
Project("{FAE04EC0-301F-11D3-BF4B-00C04F79EFBC}") = "Iso19848Json", "samples\Iso19848Json\Iso19848Json.csproj", "{4291F5A9-A638-48C4-9DCA-E09CD694E9FE}"
EndProject
Global
	GlobalSection(SolutionConfigurationPlatforms) = preSolution
		Debug|Any CPU = Debug|Any CPU
		Debug|x64 = Debug|x64
		Debug|x86 = Debug|x86
		Release|Any CPU = Release|Any CPU
		Release|x64 = Release|x64
		Release|x86 = Release|x86
	EndGlobalSection
	GlobalSection(ProjectConfigurationPlatforms) = postSolution
		{36063914-B923-446B-ACCB-C9DFD87E48BA}.Debug|Any CPU.ActiveCfg = Debug|Any CPU
		{36063914-B923-446B-ACCB-C9DFD87E48BA}.Debug|Any CPU.Build.0 = Debug|Any CPU
		{36063914-B923-446B-ACCB-C9DFD87E48BA}.Debug|x64.ActiveCfg = Debug|Any CPU
		{36063914-B923-446B-ACCB-C9DFD87E48BA}.Debug|x64.Build.0 = Debug|Any CPU
		{36063914-B923-446B-ACCB-C9DFD87E48BA}.Debug|x86.ActiveCfg = Debug|Any CPU
		{36063914-B923-446B-ACCB-C9DFD87E48BA}.Debug|x86.Build.0 = Debug|Any CPU
		{36063914-B923-446B-ACCB-C9DFD87E48BA}.Release|Any CPU.ActiveCfg = Release|Any CPU
		{36063914-B923-446B-ACCB-C9DFD87E48BA}.Release|Any CPU.Build.0 = Release|Any CPU
		{36063914-B923-446B-ACCB-C9DFD87E48BA}.Release|x64.ActiveCfg = Release|Any CPU
		{36063914-B923-446B-ACCB-C9DFD87E48BA}.Release|x64.Build.0 = Release|Any CPU
		{36063914-B923-446B-ACCB-C9DFD87E48BA}.Release|x86.ActiveCfg = Release|Any CPU
		{36063914-B923-446B-ACCB-C9DFD87E48BA}.Release|x86.Build.0 = Release|Any CPU
		{80707032-DEC8-4C25-9F0D-744818E706EB}.Debug|Any CPU.ActiveCfg = Debug|Any CPU
		{80707032-DEC8-4C25-9F0D-744818E706EB}.Debug|Any CPU.Build.0 = Debug|Any CPU
		{80707032-DEC8-4C25-9F0D-744818E706EB}.Debug|x64.ActiveCfg = Debug|Any CPU
		{80707032-DEC8-4C25-9F0D-744818E706EB}.Debug|x64.Build.0 = Debug|Any CPU
		{80707032-DEC8-4C25-9F0D-744818E706EB}.Debug|x86.ActiveCfg = Debug|Any CPU
		{80707032-DEC8-4C25-9F0D-744818E706EB}.Debug|x86.Build.0 = Debug|Any CPU
		{80707032-DEC8-4C25-9F0D-744818E706EB}.Release|Any CPU.ActiveCfg = Release|Any CPU
		{80707032-DEC8-4C25-9F0D-744818E706EB}.Release|Any CPU.Build.0 = Release|Any CPU
		{80707032-DEC8-4C25-9F0D-744818E706EB}.Release|x64.ActiveCfg = Release|Any CPU
		{80707032-DEC8-4C25-9F0D-744818E706EB}.Release|x64.Build.0 = Release|Any CPU
		{80707032-DEC8-4C25-9F0D-744818E706EB}.Release|x86.ActiveCfg = Release|Any CPU
		{80707032-DEC8-4C25-9F0D-744818E706EB}.Release|x86.Build.0 = Release|Any CPU
		{64282827-0A92-4038-A53D-8F1458993E26}.Debug|Any CPU.ActiveCfg = Debug|Any CPU
		{64282827-0A92-4038-A53D-8F1458993E26}.Debug|Any CPU.Build.0 = Debug|Any CPU
		{64282827-0A92-4038-A53D-8F1458993E26}.Debug|x64.ActiveCfg = Debug|Any CPU
		{64282827-0A92-4038-A53D-8F1458993E26}.Debug|x64.Build.0 = Debug|Any CPU
		{64282827-0A92-4038-A53D-8F1458993E26}.Debug|x86.ActiveCfg = Debug|Any CPU
		{64282827-0A92-4038-A53D-8F1458993E26}.Debug|x86.Build.0 = Debug|Any CPU
		{64282827-0A92-4038-A53D-8F1458993E26}.Release|Any CPU.ActiveCfg = Release|Any CPU
		{64282827-0A92-4038-A53D-8F1458993E26}.Release|Any CPU.Build.0 = Release|Any CPU
		{64282827-0A92-4038-A53D-8F1458993E26}.Release|x64.ActiveCfg = Release|Any CPU
		{64282827-0A92-4038-A53D-8F1458993E26}.Release|x64.Build.0 = Release|Any CPU
		{64282827-0A92-4038-A53D-8F1458993E26}.Release|x86.ActiveCfg = Release|Any CPU
		{64282827-0A92-4038-A53D-8F1458993E26}.Release|x86.Build.0 = Release|Any CPU
		{04C3E604-AEC3-47F0-8EF9-9E180022CD41}.Debug|Any CPU.ActiveCfg = Debug|Any CPU
		{04C3E604-AEC3-47F0-8EF9-9E180022CD41}.Debug|Any CPU.Build.0 = Debug|Any CPU
		{04C3E604-AEC3-47F0-8EF9-9E180022CD41}.Debug|x64.ActiveCfg = Debug|Any CPU
		{04C3E604-AEC3-47F0-8EF9-9E180022CD41}.Debug|x64.Build.0 = Debug|Any CPU
		{04C3E604-AEC3-47F0-8EF9-9E180022CD41}.Debug|x86.ActiveCfg = Debug|Any CPU
		{04C3E604-AEC3-47F0-8EF9-9E180022CD41}.Debug|x86.Build.0 = Debug|Any CPU
		{04C3E604-AEC3-47F0-8EF9-9E180022CD41}.Release|Any CPU.ActiveCfg = Release|Any CPU
		{04C3E604-AEC3-47F0-8EF9-9E180022CD41}.Release|Any CPU.Build.0 = Release|Any CPU
		{04C3E604-AEC3-47F0-8EF9-9E180022CD41}.Release|x64.ActiveCfg = Release|Any CPU
		{04C3E604-AEC3-47F0-8EF9-9E180022CD41}.Release|x64.Build.0 = Release|Any CPU
		{04C3E604-AEC3-47F0-8EF9-9E180022CD41}.Release|x86.ActiveCfg = Release|Any CPU
		{04C3E604-AEC3-47F0-8EF9-9E180022CD41}.Release|x86.Build.0 = Release|Any CPU
		{CBACE153-372D-479A-9663-529846C16DB9}.Debug|Any CPU.ActiveCfg = Debug|Any CPU
		{CBACE153-372D-479A-9663-529846C16DB9}.Debug|Any CPU.Build.0 = Debug|Any CPU
		{CBACE153-372D-479A-9663-529846C16DB9}.Debug|x64.ActiveCfg = Debug|Any CPU
		{CBACE153-372D-479A-9663-529846C16DB9}.Debug|x64.Build.0 = Debug|Any CPU
		{CBACE153-372D-479A-9663-529846C16DB9}.Debug|x86.ActiveCfg = Debug|Any CPU
		{CBACE153-372D-479A-9663-529846C16DB9}.Debug|x86.Build.0 = Debug|Any CPU
		{CBACE153-372D-479A-9663-529846C16DB9}.Release|Any CPU.ActiveCfg = Release|Any CPU
		{CBACE153-372D-479A-9663-529846C16DB9}.Release|Any CPU.Build.0 = Release|Any CPU
		{CBACE153-372D-479A-9663-529846C16DB9}.Release|x64.ActiveCfg = Release|Any CPU
		{CBACE153-372D-479A-9663-529846C16DB9}.Release|x64.Build.0 = Release|Any CPU
		{CBACE153-372D-479A-9663-529846C16DB9}.Release|x86.ActiveCfg = Release|Any CPU
		{CBACE153-372D-479A-9663-529846C16DB9}.Release|x86.Build.0 = Release|Any CPU
		{BF1C3D9F-2A43-4F90-866C-623BD65176E2}.Debug|Any CPU.ActiveCfg = Debug|Any CPU
		{BF1C3D9F-2A43-4F90-866C-623BD65176E2}.Debug|Any CPU.Build.0 = Debug|Any CPU
		{BF1C3D9F-2A43-4F90-866C-623BD65176E2}.Debug|x64.ActiveCfg = Debug|Any CPU
		{BF1C3D9F-2A43-4F90-866C-623BD65176E2}.Debug|x64.Build.0 = Debug|Any CPU
		{BF1C3D9F-2A43-4F90-866C-623BD65176E2}.Debug|x86.ActiveCfg = Debug|Any CPU
		{BF1C3D9F-2A43-4F90-866C-623BD65176E2}.Debug|x86.Build.0 = Debug|Any CPU
		{BF1C3D9F-2A43-4F90-866C-623BD65176E2}.Release|Any CPU.ActiveCfg = Release|Any CPU
		{BF1C3D9F-2A43-4F90-866C-623BD65176E2}.Release|Any CPU.Build.0 = Release|Any CPU
		{BF1C3D9F-2A43-4F90-866C-623BD65176E2}.Release|x64.ActiveCfg = Release|Any CPU
		{BF1C3D9F-2A43-4F90-866C-623BD65176E2}.Release|x64.Build.0 = Release|Any CPU
		{BF1C3D9F-2A43-4F90-866C-623BD65176E2}.Release|x86.ActiveCfg = Release|Any CPU
		{BF1C3D9F-2A43-4F90-866C-623BD65176E2}.Release|x86.Build.0 = Release|Any CPU
		{29875D41-AF1D-4768-BA2F-A830EC10B7F1}.Debug|Any CPU.ActiveCfg = Debug|Any CPU
		{29875D41-AF1D-4768-BA2F-A830EC10B7F1}.Debug|Any CPU.Build.0 = Debug|Any CPU
		{29875D41-AF1D-4768-BA2F-A830EC10B7F1}.Debug|x64.ActiveCfg = Debug|Any CPU
		{29875D41-AF1D-4768-BA2F-A830EC10B7F1}.Debug|x64.Build.0 = Debug|Any CPU
		{29875D41-AF1D-4768-BA2F-A830EC10B7F1}.Debug|x86.ActiveCfg = Debug|Any CPU
		{29875D41-AF1D-4768-BA2F-A830EC10B7F1}.Debug|x86.Build.0 = Debug|Any CPU
		{29875D41-AF1D-4768-BA2F-A830EC10B7F1}.Release|Any CPU.ActiveCfg = Release|Any CPU
		{29875D41-AF1D-4768-BA2F-A830EC10B7F1}.Release|Any CPU.Build.0 = Release|Any CPU
		{29875D41-AF1D-4768-BA2F-A830EC10B7F1}.Release|x64.ActiveCfg = Release|Any CPU
		{29875D41-AF1D-4768-BA2F-A830EC10B7F1}.Release|x64.Build.0 = Release|Any CPU
		{29875D41-AF1D-4768-BA2F-A830EC10B7F1}.Release|x86.ActiveCfg = Release|Any CPU
		{29875D41-AF1D-4768-BA2F-A830EC10B7F1}.Release|x86.Build.0 = Release|Any CPU
		{AE0FCB18-373A-4BAE-B657-527CF9AB4171}.Debug|Any CPU.ActiveCfg = Debug|Any CPU
		{AE0FCB18-373A-4BAE-B657-527CF9AB4171}.Debug|Any CPU.Build.0 = Debug|Any CPU
		{AE0FCB18-373A-4BAE-B657-527CF9AB4171}.Debug|x64.ActiveCfg = Debug|Any CPU
		{AE0FCB18-373A-4BAE-B657-527CF9AB4171}.Debug|x64.Build.0 = Debug|Any CPU
		{AE0FCB18-373A-4BAE-B657-527CF9AB4171}.Debug|x86.ActiveCfg = Debug|Any CPU
		{AE0FCB18-373A-4BAE-B657-527CF9AB4171}.Debug|x86.Build.0 = Debug|Any CPU
		{AE0FCB18-373A-4BAE-B657-527CF9AB4171}.Release|Any CPU.ActiveCfg = Release|Any CPU
		{AE0FCB18-373A-4BAE-B657-527CF9AB4171}.Release|Any CPU.Build.0 = Release|Any CPU
		{AE0FCB18-373A-4BAE-B657-527CF9AB4171}.Release|x64.ActiveCfg = Release|Any CPU
		{AE0FCB18-373A-4BAE-B657-527CF9AB4171}.Release|x64.Build.0 = Release|Any CPU
		{AE0FCB18-373A-4BAE-B657-527CF9AB4171}.Release|x86.ActiveCfg = Release|Any CPU
		{AE0FCB18-373A-4BAE-B657-527CF9AB4171}.Release|x86.Build.0 = Release|Any CPU
		{F3527D53-DF51-499C-87C7-B6B9657B356A}.Debug|Any CPU.ActiveCfg = Debug|Any CPU
		{F3527D53-DF51-499C-87C7-B6B9657B356A}.Debug|Any CPU.Build.0 = Debug|Any CPU
		{F3527D53-DF51-499C-87C7-B6B9657B356A}.Debug|x64.ActiveCfg = Debug|Any CPU
		{F3527D53-DF51-499C-87C7-B6B9657B356A}.Debug|x64.Build.0 = Debug|Any CPU
		{F3527D53-DF51-499C-87C7-B6B9657B356A}.Debug|x86.ActiveCfg = Debug|Any CPU
		{F3527D53-DF51-499C-87C7-B6B9657B356A}.Debug|x86.Build.0 = Debug|Any CPU
		{F3527D53-DF51-499C-87C7-B6B9657B356A}.Release|Any CPU.ActiveCfg = Release|Any CPU
		{F3527D53-DF51-499C-87C7-B6B9657B356A}.Release|Any CPU.Build.0 = Release|Any CPU
		{F3527D53-DF51-499C-87C7-B6B9657B356A}.Release|x64.ActiveCfg = Release|Any CPU
		{F3527D53-DF51-499C-87C7-B6B9657B356A}.Release|x64.Build.0 = Release|Any CPU
		{F3527D53-DF51-499C-87C7-B6B9657B356A}.Release|x86.ActiveCfg = Release|Any CPU
		{F3527D53-DF51-499C-87C7-B6B9657B356A}.Release|x86.Build.0 = Release|Any CPU
		{6C1C9CAB-875A-46B0-9737-E251D540D7C2}.Debug|Any CPU.ActiveCfg = Debug|Any CPU
		{6C1C9CAB-875A-46B0-9737-E251D540D7C2}.Debug|Any CPU.Build.0 = Debug|Any CPU
		{6C1C9CAB-875A-46B0-9737-E251D540D7C2}.Debug|x64.ActiveCfg = Debug|Any CPU
		{6C1C9CAB-875A-46B0-9737-E251D540D7C2}.Debug|x64.Build.0 = Debug|Any CPU
		{6C1C9CAB-875A-46B0-9737-E251D540D7C2}.Debug|x86.ActiveCfg = Debug|Any CPU
		{6C1C9CAB-875A-46B0-9737-E251D540D7C2}.Debug|x86.Build.0 = Debug|Any CPU
		{6C1C9CAB-875A-46B0-9737-E251D540D7C2}.Release|Any CPU.ActiveCfg = Release|Any CPU
		{6C1C9CAB-875A-46B0-9737-E251D540D7C2}.Release|Any CPU.Build.0 = Release|Any CPU
		{6C1C9CAB-875A-46B0-9737-E251D540D7C2}.Release|x64.ActiveCfg = Release|Any CPU
		{6C1C9CAB-875A-46B0-9737-E251D540D7C2}.Release|x64.Build.0 = Release|Any CPU
		{6C1C9CAB-875A-46B0-9737-E251D540D7C2}.Release|x86.ActiveCfg = Release|Any CPU
		{6C1C9CAB-875A-46B0-9737-E251D540D7C2}.Release|x86.Build.0 = Release|Any CPU
		{D3792E4F-DD06-4E81-82A7-D8BE69BB470A}.Debug|Any CPU.ActiveCfg = Debug|Any CPU
		{D3792E4F-DD06-4E81-82A7-D8BE69BB470A}.Debug|Any CPU.Build.0 = Debug|Any CPU
		{D3792E4F-DD06-4E81-82A7-D8BE69BB470A}.Debug|x64.ActiveCfg = Debug|Any CPU
		{D3792E4F-DD06-4E81-82A7-D8BE69BB470A}.Debug|x64.Build.0 = Debug|Any CPU
		{D3792E4F-DD06-4E81-82A7-D8BE69BB470A}.Debug|x86.ActiveCfg = Debug|Any CPU
		{D3792E4F-DD06-4E81-82A7-D8BE69BB470A}.Debug|x86.Build.0 = Debug|Any CPU
		{D3792E4F-DD06-4E81-82A7-D8BE69BB470A}.Release|Any CPU.ActiveCfg = Release|Any CPU
		{D3792E4F-DD06-4E81-82A7-D8BE69BB470A}.Release|Any CPU.Build.0 = Release|Any CPU
		{D3792E4F-DD06-4E81-82A7-D8BE69BB470A}.Release|x64.ActiveCfg = Release|Any CPU
		{D3792E4F-DD06-4E81-82A7-D8BE69BB470A}.Release|x64.Build.0 = Release|Any CPU
		{D3792E4F-DD06-4E81-82A7-D8BE69BB470A}.Release|x86.ActiveCfg = Release|Any CPU
		{D3792E4F-DD06-4E81-82A7-D8BE69BB470A}.Release|x86.Build.0 = Release|Any CPU
		{246FB079-D86C-468A-B9D3-079E7D7AB944}.Debug|Any CPU.ActiveCfg = Debug|Any CPU
		{246FB079-D86C-468A-B9D3-079E7D7AB944}.Debug|Any CPU.Build.0 = Debug|Any CPU
		{246FB079-D86C-468A-B9D3-079E7D7AB944}.Debug|x64.ActiveCfg = Debug|Any CPU
		{246FB079-D86C-468A-B9D3-079E7D7AB944}.Debug|x64.Build.0 = Debug|Any CPU
		{246FB079-D86C-468A-B9D3-079E7D7AB944}.Debug|x86.ActiveCfg = Debug|Any CPU
		{246FB079-D86C-468A-B9D3-079E7D7AB944}.Debug|x86.Build.0 = Debug|Any CPU
		{246FB079-D86C-468A-B9D3-079E7D7AB944}.Release|Any CPU.ActiveCfg = Release|Any CPU
		{246FB079-D86C-468A-B9D3-079E7D7AB944}.Release|Any CPU.Build.0 = Release|Any CPU
		{246FB079-D86C-468A-B9D3-079E7D7AB944}.Release|x64.ActiveCfg = Release|Any CPU
		{246FB079-D86C-468A-B9D3-079E7D7AB944}.Release|x64.Build.0 = Release|Any CPU
		{246FB079-D86C-468A-B9D3-079E7D7AB944}.Release|x86.ActiveCfg = Release|Any CPU
		{246FB079-D86C-468A-B9D3-079E7D7AB944}.Release|x86.Build.0 = Release|Any CPU
		{BFD2DFE9-8CB9-4378-B5D5-03A92D645B91}.Debug|Any CPU.ActiveCfg = Debug|Any CPU
		{BFD2DFE9-8CB9-4378-B5D5-03A92D645B91}.Debug|Any CPU.Build.0 = Debug|Any CPU
		{BFD2DFE9-8CB9-4378-B5D5-03A92D645B91}.Debug|x64.ActiveCfg = Debug|Any CPU
		{BFD2DFE9-8CB9-4378-B5D5-03A92D645B91}.Debug|x64.Build.0 = Debug|Any CPU
		{BFD2DFE9-8CB9-4378-B5D5-03A92D645B91}.Debug|x86.ActiveCfg = Debug|Any CPU
		{BFD2DFE9-8CB9-4378-B5D5-03A92D645B91}.Debug|x86.Build.0 = Debug|Any CPU
		{BFD2DFE9-8CB9-4378-B5D5-03A92D645B91}.Release|Any CPU.ActiveCfg = Release|Any CPU
		{BFD2DFE9-8CB9-4378-B5D5-03A92D645B91}.Release|Any CPU.Build.0 = Release|Any CPU
		{BFD2DFE9-8CB9-4378-B5D5-03A92D645B91}.Release|x64.ActiveCfg = Release|Any CPU
		{BFD2DFE9-8CB9-4378-B5D5-03A92D645B91}.Release|x64.Build.0 = Release|Any CPU
		{BFD2DFE9-8CB9-4378-B5D5-03A92D645B91}.Release|x86.ActiveCfg = Release|Any CPU
		{BFD2DFE9-8CB9-4378-B5D5-03A92D645B91}.Release|x86.Build.0 = Release|Any CPU
		{B96F4695-C04F-4891-86E5-98E64702676B}.Debug|Any CPU.ActiveCfg = Debug|Any CPU
		{B96F4695-C04F-4891-86E5-98E64702676B}.Debug|Any CPU.Build.0 = Debug|Any CPU
		{B96F4695-C04F-4891-86E5-98E64702676B}.Debug|x64.ActiveCfg = Debug|Any CPU
		{B96F4695-C04F-4891-86E5-98E64702676B}.Debug|x64.Build.0 = Debug|Any CPU
		{B96F4695-C04F-4891-86E5-98E64702676B}.Debug|x86.ActiveCfg = Debug|Any CPU
		{B96F4695-C04F-4891-86E5-98E64702676B}.Debug|x86.Build.0 = Debug|Any CPU
		{B96F4695-C04F-4891-86E5-98E64702676B}.Release|Any CPU.ActiveCfg = Release|Any CPU
		{B96F4695-C04F-4891-86E5-98E64702676B}.Release|Any CPU.Build.0 = Release|Any CPU
		{B96F4695-C04F-4891-86E5-98E64702676B}.Release|x64.ActiveCfg = Release|Any CPU
		{B96F4695-C04F-4891-86E5-98E64702676B}.Release|x64.Build.0 = Release|Any CPU
		{B96F4695-C04F-4891-86E5-98E64702676B}.Release|x86.ActiveCfg = Release|Any CPU
		{B96F4695-C04F-4891-86E5-98E64702676B}.Release|x86.Build.0 = Release|Any CPU
		{4291F5A9-A638-48C4-9DCA-E09CD694E9FE}.Debug|Any CPU.ActiveCfg = Debug|Any CPU
		{4291F5A9-A638-48C4-9DCA-E09CD694E9FE}.Debug|Any CPU.Build.0 = Debug|Any CPU
		{4291F5A9-A638-48C4-9DCA-E09CD694E9FE}.Debug|x64.ActiveCfg = Debug|Any CPU
		{4291F5A9-A638-48C4-9DCA-E09CD694E9FE}.Debug|x64.Build.0 = Debug|Any CPU
		{4291F5A9-A638-48C4-9DCA-E09CD694E9FE}.Debug|x86.ActiveCfg = Debug|Any CPU
		{4291F5A9-A638-48C4-9DCA-E09CD694E9FE}.Debug|x86.Build.0 = Debug|Any CPU
		{4291F5A9-A638-48C4-9DCA-E09CD694E9FE}.Release|Any CPU.ActiveCfg = Release|Any CPU
		{4291F5A9-A638-48C4-9DCA-E09CD694E9FE}.Release|Any CPU.Build.0 = Release|Any CPU
		{4291F5A9-A638-48C4-9DCA-E09CD694E9FE}.Release|x64.ActiveCfg = Release|Any CPU
		{4291F5A9-A638-48C4-9DCA-E09CD694E9FE}.Release|x64.Build.0 = Release|Any CPU
		{4291F5A9-A638-48C4-9DCA-E09CD694E9FE}.Release|x86.ActiveCfg = Release|Any CPU
		{4291F5A9-A638-48C4-9DCA-E09CD694E9FE}.Release|x86.Build.0 = Release|Any CPU
	EndGlobalSection
	GlobalSection(SolutionProperties) = preSolution
		HideSolutionNode = FALSE
	EndGlobalSection
	GlobalSection(NestedProjects) = preSolution
		{36063914-B923-446B-ACCB-C9DFD87E48BA} = {093029D2-21CA-4470-B16A-0291ABA2109F}
		{80707032-DEC8-4C25-9F0D-744818E706EB} = {093029D2-21CA-4470-B16A-0291ABA2109F}
		{64282827-0A92-4038-A53D-8F1458993E26} = {093029D2-21CA-4470-B16A-0291ABA2109F}
		{04C3E604-AEC3-47F0-8EF9-9E180022CD41} = {A70BCD8E-E1DB-49FF-855D-AD8ED1179080}
		{CBACE153-372D-479A-9663-529846C16DB9} = {95D04DE8-37F5-4D86-9D0B-D0819DAA0E7A}
		{BF1C3D9F-2A43-4F90-866C-623BD65176E2} = {093029D2-21CA-4470-B16A-0291ABA2109F}
		{29875D41-AF1D-4768-BA2F-A830EC10B7F1} = {A70BCD8E-E1DB-49FF-855D-AD8ED1179080}
		{AE0FCB18-373A-4BAE-B657-527CF9AB4171} = {5D20AA90-6969-D8BD-9DCD-8634F4692FDA}
		{F3527D53-DF51-499C-87C7-B6B9657B356A} = {5D20AA90-6969-D8BD-9DCD-8634F4692FDA}
		{6C1C9CAB-875A-46B0-9737-E251D540D7C2} = {5D20AA90-6969-D8BD-9DCD-8634F4692FDA}
		{D3792E4F-DD06-4E81-82A7-D8BE69BB470A} = {5D20AA90-6969-D8BD-9DCD-8634F4692FDA}
		{246FB079-D86C-468A-B9D3-079E7D7AB944} = {5D20AA90-6969-D8BD-9DCD-8634F4692FDA}
		{BFD2DFE9-8CB9-4378-B5D5-03A92D645B91} = {5D20AA90-6969-D8BD-9DCD-8634F4692FDA}
		{B96F4695-C04F-4891-86E5-98E64702676B} = {5D20AA90-6969-D8BD-9DCD-8634F4692FDA}
		{4291F5A9-A638-48C4-9DCA-E09CD694E9FE} = {5D20AA90-6969-D8BD-9DCD-8634F4692FDA}
	EndGlobalSection
	GlobalSection(ExtensibilityGlobals) = postSolution
		SolutionGuid = {38D68A49-09CB-45C0-ACDC-AFC7207B4486}
	EndGlobalSection
EndGlobal
